{
  "name": "agents-can-communicate",
  "version": "0.1.18",
  "lockfileVersion": 3,
  "requires": true,
  "packages": {
    "": {
      "name": "agents-can-communicate",
      "version": "0.1.18",
      "bundleDependencies": [
        "@agents-can-communicate/adapter-claude-code",
        "@agents-can-communicate/adapter-codex",
        "@agents-can-communicate/adapter-gemini-cli",
        "@agents-can-communicate/adapter-grok",
        "@agents-can-communicate/adapter-kimi",
        "@agents-can-communicate/adapter-sdk",
        "@agents-can-communicate/cli",
        "@agents-can-communicate/core",
        "@agents-can-communicate/hook-runner",
        "@agents-can-communicate/installer",
        "@agents-can-communicate/mcp-server",
        "@agents-can-communicate/protocol",
        "@agents-can-communicate/storage-filesystem"
      ],
      "license": "MIT",
      "os": [
        "darwin",
        "linux"
      ],
      "workspaces": [
        "packages/*"
      ],
      "dependencies": {
        "@agents-can-communicate/adapter-claude-code": "*",
        "@agents-can-communicate/adapter-codex": "*",
        "@agents-can-communicate/adapter-gemini-cli": "*",
        "@agents-can-communicate/adapter-grok": "*",
        "@agents-can-communicate/adapter-kimi": "*",
        "@agents-can-communicate/adapter-sdk": "*",
        "@agents-can-communicate/cli": "*",
        "@agents-can-communicate/core": "*",
        "@agents-can-communicate/hook-runner": "*",
        "@agents-can-communicate/installer": "*",
        "@agents-can-communicate/mcp-server": "*",
        "@agents-can-communicate/protocol": "*",
        "@agents-can-communicate/storage-filesystem": "*"
      },
      "bin": {
        "acc": "bin/acc.mjs",
        "acc-hook": "bin/acc-hook.mjs",
        "acc-mcp": "bin/acc-mcp.mjs"
      },
      "engines": {
        "node": ">=24"
      }
    },
    "node_modules/@agents-can-communicate/adapter-claude-code": {
      "resolved": "packages/adapter-claude-code",
      "link": true
    },
    "node_modules/@agents-can-communicate/adapter-codex": {
      "resolved": "packages/adapter-codex",
      "link": true
    },
    "node_modules/@agents-can-communicate/adapter-gemini-cli": {
      "resolved": "packages/adapter-gemini-cli",
      "link": true
    },
    "node_modules/@agents-can-communicate/adapter-grok": {
      "resolved": "packages/adapter-grok",
      "link": true
    },
    "node_modules/@agents-can-communicate/adapter-kimi": {
      "resolved": "packages/adapter-kimi",
      "link": true
    },
    "node_modules/@agents-can-communicate/adapter-sdk": {
      "resolved": "packages/adapter-sdk",
      "link": true
    },
    "node_modules/@agents-can-communicate/cli": {
      "resolved": "packages/cli",
      "link": true
    },
    "node_modules/@agents-can-communicate/core": {
      "resolved": "packages/core",
      "link": true
    },
    "node_modules/@agents-can-communicate/hook-runner": {
      "resolved": "packages/hook-runner",
      "link": true
    },
    "node_modules/@agents-can-communicate/installer": {
      "resolved": "packages/installer",
      "link": true
    },
    "node_modules/@agents-can-communicate/mcp-server": {
      "resolved": "packages/mcp-server",
      "link": true
    },
    "node_modules/@agents-can-communicate/protocol": {
      "resolved": "packages/protocol",
      "link": true
    },
    "node_modules/@agents-can-communicate/storage-filesystem": {
      "resolved": "packages/storage-filesystem",
      "link": true
    },
    "packages/adapter-claude-code": {
      "name": "@agents-can-communicate/adapter-claude-code",
      "version": "0.1.18"
    },
    "packages/adapter-codex": {
      "name": "@agents-can-communicate/adapter-codex",
      "version": "0.1.18"
    },
    "packages/adapter-gemini-cli": {
      "name": "@agents-can-communicate/adapter-gemini-cli",
      "version": "0.1.18"
    },
    "packages/adapter-grok": {
      "name": "@agents-can-communicate/adapter-grok",
      "version": "0.1.18"
    },
    "packages/adapter-kimi": {
      "name": "@agents-can-communicate/adapter-kimi",
      "version": "0.1.18"
    },
    "packages/adapter-sdk": {
      "name": "@agents-can-communicate/adapter-sdk",
      "version": "0.1.18"
    },
    "packages/cli": {
      "name": "@agents-can-communicate/cli",
      "version": "0.1.18"
    },
    "packages/core": {
      "name": "@agents-can-communicate/core",
      "version": "0.1.18"
    },
    "packages/hook-runner": {
      "name": "@agents-can-communicate/hook-runner",
      "version": "0.1.18"
    },
    "packages/installer": {
      "name": "@agents-can-communicate/installer",
      "version": "0.1.18"
    },
    "packages/mcp-server": {
      "name": "@agents-can-communicate/mcp-server",
      "version": "0.1.18"
    },
    "packages/protocol": {
      "name": "@agents-can-communicate/protocol",
      "version": "0.1.18"
    },
    "packages/storage-filesystem": {
      "name": "@agents-can-communicate/storage-filesystem",
      "version": "0.1.18"
    }
  }
}
