{
  "name": "agents-can-communicate",
  "version": "0.0.0",
  "lockfileVersion": 3,
  "requires": true,
  "packages": {
    "": {
      "name": "agents-can-communicate",
      "version": "0.0.0",
      "workspaces": [
        "packages/*"
      ]
    },
    "node_modules/@agents-can-communicate/adapter-claude-code": {
      "resolved": "packages/adapter-claude-code",
      "link": true
    },
    "node_modules/@agents-can-communicate/adapter-codex": {
      "resolved": "packages/adapter-codex",
      "link": true
    },
    "node_modules/@agents-can-communicate/adapter-gemini-cli": {
      "resolved": "packages/adapter-gemini-cli",
      "link": true
    },
    "node_modules/@agents-can-communicate/adapter-kimi": {
      "resolved": "packages/adapter-kimi",
      "link": true
    },
    "node_modules/@agents-can-communicate/adapter-sdk": {
      "resolved": "packages/adapter-sdk",
      "link": true
    },
    "node_modules/@agents-can-communicate/cli": {
      "resolved": "packages/cli",
      "link": true
    },
    "node_modules/@agents-can-communicate/core": {
      "resolved": "packages/core",
      "link": true
    },
    "node_modules/@agents-can-communicate/hook-runner": {
      "resolved": "packages/hook-runner",
      "link": true
    },
    "node_modules/@agents-can-communicate/mcp-server": {
      "resolved": "packages/mcp-server",
      "link": true
    },
    "node_modules/@agents-can-communicate/protocol": {
      "resolved": "packages/protocol",
      "link": true
    },
    "node_modules/@agents-can-communicate/storage-filesystem": {
      "resolved": "packages/storage-filesystem",
      "link": true
    },
    "packages/adapter-claude-code": {
      "name": "@agents-can-communicate/adapter-claude-code",
      "version": "0.0.0"
    },
    "packages/adapter-codex": {
      "name": "@agents-can-communicate/adapter-codex",
      "version": "0.0.0"
    },
    "packages/adapter-gemini-cli": {
      "name": "@agents-can-communicate/adapter-gemini-cli",
      "version": "0.0.0"
    },
    "packages/adapter-kimi": {
      "name": "@agents-can-communicate/adapter-kimi",
      "version": "0.0.0"
    },
    "packages/adapter-sdk": {
      "name": "@agents-can-communicate/adapter-sdk",
      "version": "0.0.0"
    },
    "packages/cli": {
      "name": "@agents-can-communicate/cli",
      "version": "0.0.0"
    },
    "packages/core": {
      "name": "@agents-can-communicate/core",
      "version": "0.0.0"
    },
    "packages/hook-runner": {
      "name": "@agents-can-communicate/hook-runner",
      "version": "0.0.0"
    },
    "packages/mcp-server": {
      "name": "@agents-can-communicate/mcp-server",
      "version": "0.0.0"
    },
    "packages/protocol": {
      "name": "@agents-can-communicate/protocol",
      "version": "0.0.0"
    },
    "packages/storage-filesystem": {
      "name": "@agents-can-communicate/storage-filesystem",
      "version": "0.0.0"
    }
  }
}
