{
  "name": "agents-can-communicate",
  "version": "0.0.0",
  "lockfileVersion": 3,
  "requires": true,
  "packages": {
    "": {
      "name": "agents-can-communicate",
      "version": "0.0.0",
      "workspaces": [
        "packages/*"
      ]
    },
    "node_modules/@agents-can-communicate/cli": {
      "resolved": "packages/cli",
      "link": true
    },
    "node_modules/@agents-can-communicate/core": {
      "resolved": "packages/core",
      "link": true
    },
    "node_modules/@agents-can-communicate/protocol": {
      "resolved": "packages/protocol",
      "link": true
    },
    "node_modules/@agents-can-communicate/storage-filesystem": {
      "resolved": "packages/storage-filesystem",
      "link": true
    },
    "packages/cli": {
      "name": "@agents-can-communicate/cli",
      "version": "0.0.0"
    },
    "packages/core": {
      "name": "@agents-can-communicate/core",
      "version": "0.0.0"
    },
    "packages/protocol": {
      "name": "@agents-can-communicate/protocol",
      "version": "0.0.0"
    },
    "packages/storage-filesystem": {
      "name": "@agents-can-communicate/storage-filesystem",
      "version": "0.0.0"
    }
  }
}
